
Microsoft Visual Studio Solution File, Format Version 12.00
# Visual Studio Version 17
VisualStudioVersion = 17.11.35327.3
MinimumVisualStudioVersion = 10.0.40219.1
Project("{9A19103F-16F7-4668-BE54-9A1E7A4F7556}") = "LibProjectNet6", "LibProjectNet6.csproj", "{375E088D-FE2A-48A3-A2D1-403196C5F4BC}"
EndProject
Global
	GlobalSection(SolutionConfigurationPlatforms) = preSolution
		Debug|Any CPU = Debug|Any CPU
		Release|Any CPU = Release|Any CPU
	EndGlobalSection
	GlobalSection(ProjectConfigurationPlatforms) = postSolution
		{375E088D-FE2A-48A3-A2D1-403196C5F4BC}.Debug|Any CPU.ActiveCfg = Debug|Any CPU
		{375E088D-FE2A-48A3-A2D1-403196C5F4BC}.Debug|Any CPU.Build.0 = Debug|Any CPU
		{375E088D-FE2A-48A3-A2D1-403196C5F4BC}.Release|Any CPU.ActiveCfg = Release|Any CPU
		{375E088D-FE2A-48A3-A2D1-403196C5F4BC}.Release|Any CPU.Build.0 = Release|Any CPU
	EndGlobalSection
	GlobalSection(SolutionProperties) = preSolution
		HideSolutionNode = FALSE
	EndGlobalSection
	GlobalSection(ExtensibilityGlobals) = postSolution
		SolutionGuid = {B3DEBE4C-011D-4D34-892F-6466423E8143}
	EndGlobalSection
EndGlobal
